
Microsoft Visual Studio Solution File, Format Version 12.00
# Visual Studio 2012
Project("{FAE04EC0-301F-11D3-BF4B-00C04F79EFBC}") = "Snake", "Snake\Snake.csproj", "{043AF389-66C8-41DB-A124-6B261F0703EE}"
EndProject
Global
	GlobalSection(SolutionConfigurationPlatforms) = preSolution
		Debug|iPhoneSimulator = Debug|iPhoneSimulator
		Release|iPhone = Release|iPhone
		Release|iPhoneSimulator = Release|iPhoneSimulator
		Debug|iPhone = Debug|iPhone
	EndGlobalSection
	GlobalSection(ProjectConfigurationPlatforms) = postSolution
		{043AF389-66C8-41DB-A124-6B261F0703EE}.Debug|iPhoneSimulator.ActiveCfg = Debug|iPhoneSimulator
		{043AF389-66C8-41DB-A124-6B261F0703EE}.Debug|iPhoneSimulator.Build.0 = Debug|iPhoneSimulator
		{043AF389-66C8-41DB-A124-6B261F0703EE}.Release|iPhone.ActiveCfg = Release|iPhone
		{043AF389-66C8-41DB-A124-6B261F0703EE}.Release|iPhone.Build.0 = Release|iPhone
		{043AF389-66C8-41DB-A124-6B261F0703EE}.Release|iPhoneSimulator.ActiveCfg = Release|iPhoneSimulator
		{043AF389-66C8-41DB-A124-6B261F0703EE}.Release|iPhoneSimulator.Build.0 = Release|iPhoneSimulator
		{043AF389-66C8-41DB-A124-6B261F0703EE}.Debug|iPhone.ActiveCfg = Debug|iPhone
		{043AF389-66C8-41DB-A124-6B261F0703EE}.Debug|iPhone.Build.0 = Debug|iPhone
	EndGlobalSection
EndGlobal
